# This file is automatically @generated by Poetry 1.8.2 and should not be changed by hand.

[[package]]
name = "python-flint"
version = "0.6.0"
description = "Bindings for FLINT and Arb"
optional = false
python-versions = "*"
files = [
    {file = "python-flint-0.6.0.tar.gz", hash = "sha256:f829e00774534891b38de41bc511cf6c7d6d216544a6a84b92d9e1f159de0878"},
    {file = "python_flint-0.6.0-cp310-cp310-macosx_10_9_x86_64.whl", hash = "sha256:37f4ffc1067b86c4f95f21c1c1a5a746f0e57b46af4fb7dd34fe2bdcda6ad55b"},
    {file = "python_flint-0.6.0-cp310-cp310-macosx_11_0_arm64.whl", hash = "sha256:20339504a3f368978fe25351b489ed701cf78927ded5afb384024281634caff1"},
    {file = "python_flint-0.6.0-cp310-cp310-manylinux_2_17_x86_64.manylinux2014_x86_64.whl", hash = "sha256:4a99082434cbc568c7ad55fe6810eb832e04548af3d8130539ec4b78b0cc5cb9"},
    {file = "python_flint-0.6.0-cp310-cp310-win_amd64.whl", hash = "sha256:44c8bfefa7019ef40b7b4018d38b4a652dfbc094c7754341235078171fb9aa81"},
    {file = "python_flint-0.6.0-cp311-cp311-macosx_10_9_x86_64.whl", hash = "sha256:248a2a9c14d9e9cae8eb0dfd2016ef956536492d56cbcb21a8c1778d6730e3bc"},
    {file = "python_flint-0.6.0-cp311-cp311-macosx_11_0_arm64.whl", hash = "sha256:fc49340fc9b95044c09668fba8f92d5b0b31f6a9500111c4cccb59ab0141746b"},
    {file = "python_flint-0.6.0-cp311-cp311-manylinux_2_17_x86_64.manylinux2014_x86_64.whl", hash = "sha256:0f30b0a0f24a1db1a5efa23e947edc54ca922bfec79d393bc8b863123bc9a84c"},
    {file = "python_flint-0.6.0-cp311-cp311-win_amd64.whl", hash = "sha256:cff2c21217f9ee601430fedbb41d694271a609e8bca3f30558a9a9e004b93696"},
    {file = "python_flint-0.6.0-cp312-cp312-macosx_10_9_x86_64.whl", hash = "sha256:c14a30e9c1a7b9ff7fab5cc6f80cc7edb7a8c9deb80d6a0dd51f02a3c651ea2d"},
    {file = "python_flint-0.6.0-cp312-cp312-macosx_11_0_arm64.whl", hash = "sha256:2584517a4a24556bd3d0a1e0bdffb5a72fa341f9202ae069e54678d38bd8851c"},
    {file = "python_flint-0.6.0-cp312-cp312-manylinux_2_17_x86_64.manylinux2014_x86_64.whl", hash = "sha256:647d6b901e413d54cf8ef493264021d9eb8f7ad1ad9d931e5efc735c13967756"},
    {file = "python_flint-0.6.0-cp312-cp312-win_amd64.whl", hash = "sha256:3e39cc74a54925413dc825bc69e328b7f594270a9eac95d276c0b919e77584e7"},
    {file = "python_flint-0.6.0-cp39-cp39-macosx_10_9_x86_64.whl", hash = "sha256:2a74da612bb0c1f22ae1434c4afbbc3790a81a3ec606f0fac3fab284ab2df4a5"},
    {file = "python_flint-0.6.0-cp39-cp39-macosx_11_0_arm64.whl", hash = "sha256:0d7e366a71bcbba3dfeedf6c5423acad5e9dfb8aa7e508159cac2b0c894a586c"},
    {file = "python_flint-0.6.0-cp39-cp39-manylinux_2_17_x86_64.manylinux2014_x86_64.whl", hash = "sha256:bbda2aad2829e8bdba03ef8de7e0adfc700f85576a7f00519c32b40b6a4b43d7"},
    {file = "python_flint-0.6.0-cp39-cp39-win_amd64.whl", hash = "sha256:d30e71d789240651fb2a42115e2b50ac809528ffc62810301a4fd939192bb690"},
]

[metadata]
lock-version = "2.0"
python-versions = ">=3.9"
content-hash = "2167842c24e5b2adb67407611c6bd5ad5685a2b3c83d1199e72a0dd255171970"
